GEM
  remote: https://rubygems.org/
  specs:
    base64 (0.3.0)
    connection_pool (2.5.5)
    logger (1.7.0)
    pg (1.6.3)
    pg (1.6.3-aarch64-linux)
    pg (1.6.3-aarch64-linux-musl)
    pg (1.6.3-arm64-darwin)
    pg (1.6.3-x86_64-darwin)
    pg (1.6.3-x86_64-linux-musl)
    rack (3.2.6)
    redis-client (0.30.1)
      connection_pool
    sidekiq (7.3.10)
      base64
      connection_pool (>= 2.3.0, < 3)
      logger
      rack (>= 2.2.4, < 3.3)
      redis-client (>= 0.23.0, < 1)

PLATFORMS
  aarch64-linux
  aarch64-linux-musl
  arm64-darwin
  ruby
  x86_64-darwin
  x86_64-linux-musl

DEPENDENCIES
  pg (~> 1.5)
  sidekiq (~> 7.3)

BUNDLED WITH
   2.5.16
